// !$*UTF8*$!
{
	archiveVersion = 1;
	classes = {
	};
	objectVersion = 56;
	objects = {

/* Begin PBXBuildFile section */
		65F2D8752BE43AC5003DC95E /* WikiLocationsApp.swift in Sources */ = {isa = PBXBuildFile; fileRef = 65F2D8742BE43AC5003DC95E /* WikiLocationsApp.swift */; };
		65F2D8772BE43AC5003DC95E /* LocationsMapView.swift in Sources */ = {isa = PBXBuildFile; fileRef = 65F2D8762BE43AC5003DC95E /* LocationsMapView.swift */; };
		65F2D8792BE43AC6003DC95E /* Assets.xcassets in Resources */ = {isa = PBXBuildFile; fileRef = 65F2D8782BE43AC6003DC95E /* Assets.xcassets */; };
		65F2D87C2BE43AC6003DC95E /* Preview Assets.xcassets in Resources */ = {isa = PBXBuildFile; fileRef = 65F2D87B2BE43AC6003DC95E /* Preview Assets.xcassets */; };
		65F2D8902BE43AC6003DC95E /* WikiLocationsUITests.swift in Sources */ = {isa = PBXBuildFile; fileRef = 65F2D88F2BE43AC6003DC95E /* WikiLocationsUITests.swift */; };
		65F2D8922BE43AC6003DC95E /* WikiLocationsUITestsLaunchTests.swift in Sources */ = {isa = PBXBuildFile; fileRef = 65F2D8912BE43AC6003DC95E /* WikiLocationsUITestsLaunchTests.swift */; };
		65F2D8A02BE43CEA003DC95E /* LocationPresentable.swift in Sources */ = {isa = PBXBuildFile; fileRef = 65F2D89F2BE43CEA003DC95E /* LocationPresentable.swift */; };
		65F2D8A22BE43D5D003DC95E /* LocationModel.swift in Sources */ = {isa = PBXBuildFile; fileRef = 65F2D8A12BE43D5D003DC95E /* LocationModel.swift */; };
		65F2D8A42BE43DDA003DC95E /* LocationModel+MarkerRepresentable.swift in Sources */ = {isa = PBXBuildFile; fileRef = 65F2D8A32BE43DD9003DC95E /* LocationModel+MarkerRepresentable.swift */; };
		65F2D8A72BE4B48C003DC95E /* MarkerModel.swift in Sources */ = {isa = PBXBuildFile; fileRef = 65F2D8A62BE4B48C003DC95E /* MarkerModel.swift */; };
		65F2D8AC2BE51381003DC95E /* MarkerModelTests.swift in Sources */ = {isa = PBXBuildFile; fileRef = 65F2D8AB2BE51381003DC95E /* MarkerModelTests.swift */; };
		65F2D8B12BE5289D003DC95E /* MarkersProvider.swift in Sources */ = {isa = PBXBuildFile; fileRef = 65F2D8B02BE5289D003DC95E /* MarkersProvider.swift */; };
		65F2D8B42BE5295C003DC95E /* FetchLocationsProtocol.swift in Sources */ = {isa = PBXBuildFile; fileRef = 65F2D8B32BE5295C003DC95E /* FetchLocationsProtocol.swift */; };
		65F2D8B62BE529C0003DC95E /* FetchLocationsHandler.swift in Sources */ = {isa = PBXBuildFile; fileRef = 65F2D8B52BE529C0003DC95E /* FetchLocationsHandler.swift */; };
		65F2D8B92BE52B69003DC95E /* Environment.swift in Sources */ = {isa = PBXBuildFile; fileRef = 65F2D8B82BE52B69003DC95E /* Environment.swift */; };
		65F2D8BB2BE52BE9003DC95E /* ProductionEnvironment.swift in Sources */ = {isa = PBXBuildFile; fileRef = 65F2D8BA2BE52BE9003DC95E /* ProductionEnvironment.swift */; };
		65F2D8BE2BE52CF8003DC95E /* Configurations.swift in Sources */ = {isa = PBXBuildFile; fileRef = 65F2D8BD2BE52CF8003DC95E /* Configurations.swift */; };
		65F2D8C02BE52D4D003DC95E /* NetworkError.swift in Sources */ = {isa = PBXBuildFile; fileRef = 65F2D8BF2BE52D4D003DC95E /* NetworkError.swift */; };
		65F2D8C22BE52DF0003DC95E /* NetworkReachability.swift in Sources */ = {isa = PBXBuildFile; fileRef = 65F2D8C12BE52DF0003DC95E /* NetworkReachability.swift */; };
		65F2D8C42BE53025003DC95E /* MapViewModel.swift in Sources */ = {isa = PBXBuildFile; fileRef = 65F2D8C32BE53025003DC95E /* MapViewModel.swift */; };
		65F2D8C62BE531C7003DC95E /* MapMarkersState.swift in Sources */ = {isa = PBXBuildFile; fileRef = 65F2D8C52BE531C7003DC95E /* MapMarkersState.swift */; };
		65F2D8C92BE5345C003DC95E /* LocationModelResponse.swift in Sources */ = {isa = PBXBuildFile; fileRef = 65F2D8C82BE5345C003DC95E /* LocationModelResponse.swift */; };
		65F2D8CB2BE53B3A003DC95E /* ErrorRetryView.swift in Sources */ = {isa = PBXBuildFile; fileRef = 65F2D8CA2BE53B3A003DC95E /* ErrorRetryView.swift */; };
		65F2D8CE2BE53B67003DC95E /* AppStrings.swift in Sources */ = {isa = PBXBuildFile; fileRef = 65F2D8CC2BE53B67003DC95E /* AppStrings.swift */; };
		65F2D8CF2BE53B67003DC95E /* DesignSystem.swift in Sources */ = {isa = PBXBuildFile; fileRef = 65F2D8CD2BE53B67003DC95E /* DesignSystem.swift */; };
		65F2D8D12BE53BDE003DC95E /* NetworkError+errorMessage.swift in Sources */ = {isa = PBXBuildFile; fileRef = 65F2D8D02BE53BDE003DC95E /* NetworkError+errorMessage.swift */; };
		65F2D8D32BE53EDF003DC95E /* MapView.swift in Sources */ = {isa = PBXBuildFile; fileRef = 65F2D8D22BE53EDF003DC95E /* MapView.swift */; };
		65F2D8D62BE5522E003DC95E /* Localizable.xcstrings in Resources */ = {isa = PBXBuildFile; fileRef = 65F2D8D52BE5522E003DC95E /* Localizable.xcstrings */; };
		65F2D8D82BE55834003DC95E /* MarkerAnnotationView.swift in Sources */ = {isa = PBXBuildFile; fileRef = 65F2D8D72BE55834003DC95E /* MarkerAnnotationView.swift */; };
		65F2D8DB2BE59F7C003DC95E /* ExternalLinkProtocol.swift in Sources */ = {isa = PBXBuildFile; fileRef = 65F2D8DA2BE59F7C003DC95E /* ExternalLinkProtocol.swift */; };
		65F2D8DD2BE5A062003DC95E /* WikiExternalLink.swift in Sources */ = {isa = PBXBuildFile; fileRef = 65F2D8DC2BE5A062003DC95E /* WikiExternalLink.swift */; };
		65F2D8DF2BE5AB9D003DC95E /* MarkerType.swift in Sources */ = {isa = PBXBuildFile; fileRef = 65F2D8DE2BE5AB9D003DC95E /* MarkerType.swift */; };
		65F2D8E12BE5ACA4003DC95E /* UserDefinedLocation.swift in Sources */ = {isa = PBXBuildFile; fileRef = 65F2D8E02BE5ACA4003DC95E /* UserDefinedLocation.swift */; };
		65F2D8E32BE5B11E003DC95E /* MarkerType+Extension.swift in Sources */ = {isa = PBXBuildFile; fileRef = 65F2D8E22BE5B11E003DC95E /* MarkerType+Extension.swift */; };
		65F2D8E52BE5BF8E003DC95E /* MapHeader.swift in Sources */ = {isa = PBXBuildFile; fileRef = 65F2D8E42BE5BF8E003DC95E /* MapHeader.swift */; };
		65F2D8EA2BE6B56A003DC95E /* MarkerTypeTests.swift in Sources */ = {isa = PBXBuildFile; fileRef = 65F2D8E92BE6B56A003DC95E /* MarkerTypeTests.swift */; };
		65F2D8ED2BE6B63F003DC95E /* MarkersProviderTests.swift in Sources */ = {isa = PBXBuildFile; fileRef = 65F2D8EC2BE6B63F003DC95E /* MarkersProviderTests.swift */; };
		65F2D8F02BE6B701003DC95E /* MockFetchLocations.swift in Sources */ = {isa = PBXBuildFile; fileRef = 65F2D8EF2BE6B701003DC95E /* MockFetchLocations.swift */; };
		65F2D8F32BE6B7A2003DC95E /* locations.json in Resources */ = {isa = PBXBuildFile; fileRef = 65F2D8F22BE6B7A2003DC95E /* locations.json */; };
		65F2D8F52BE6B81A003DC95E /* MockNetworkResult.swift in Sources */ = {isa = PBXBuildFile; fileRef = 65F2D8F42BE6B81A003DC95E /* MockNetworkResult.swift */; };
		65F2D8FA2BE6BD14003DC95E /* WikiExternalLinkTests.swift in Sources */ = {isa = PBXBuildFile; fileRef = 65F2D8F92BE6BD14003DC95E /* WikiExternalLinkTests.swift */; };
/* End PBXBuildFile section */

/* Begin PBXContainerItemProxy section */
		65F2D8822BE43AC6003DC95E /* PBXContainerItemProxy */ = {
			isa = PBXContainerItemProxy;
			containerPortal = 65F2D8692BE43AC5003DC95E /* Project object */;
			proxyType = 1;
			remoteGlobalIDString = 65F2D8702BE43AC5003DC95E;
			remoteInfo = WikiLocations;
		};
		65F2D88C2BE43AC6003DC95E /* PBXContainerItemProxy */ = {
			isa = PBXContainerItemProxy;
			containerPortal = 65F2D8692BE43AC5003DC95E /* Project object */;
			proxyType = 1;
			remoteGlobalIDString = 65F2D8702BE43AC5003DC95E;
			remoteInfo = WikiLocations;
		};
/* End PBXContainerItemProxy section */

/* Begin PBXFileReference section */
		65F2D8712BE43AC5003DC95E /* WikiLocations.app */ = {isa = PBXFileReference; explicitFileType = wrapper.application; includeInIndex = 0; path = WikiLocations.app; sourceTree = BUILT_PRODUCTS_DIR; };
		65F2D8742BE43AC5003DC95E /* WikiLocationsApp.swift */ = {isa = PBXFileReference; lastKnownFileType = sourcecode.swift; path = WikiLocationsApp.swift; sourceTree = "<group>"; };
		65F2D8762BE43AC5003DC95E /* LocationsMapView.swift */ = {isa = PBXFileReference; lastKnownFileType = sourcecode.swift; path = LocationsMapView.swift; sourceTree = "<group>"; };
		65F2D8782BE43AC6003DC95E /* Assets.xcassets */ = {isa = PBXFileReference; lastKnownFileType = folder.assetcatalog; path = Assets.xcassets; sourceTree = "<group>"; };
		65F2D87B2BE43AC6003DC95E /* Preview Assets.xcassets */ = {isa = PBXFileReference; lastKnownFileType = folder.assetcatalog; path = "Preview Assets.xcassets"; sourceTree = "<group>"; };
		65F2D8812BE43AC6003DC95E /* WikiLocationsTests.xctest */ = {isa = PBXFileReference; explicitFileType = wrapper.cfbundle; includeInIndex = 0; path = WikiLocationsTests.xctest; sourceTree = BUILT_PRODUCTS_DIR; };
		65F2D88B2BE43AC6003DC95E /* WikiLocationsUITests.xctest */ = {isa = PBXFileReference; explicitFileType = wrapper.cfbundle; includeInIndex = 0; path = WikiLocationsUITests.xctest; sourceTree = BUILT_PRODUCTS_DIR; };
		65F2D88F2BE43AC6003DC95E /* WikiLocationsUITests.swift */ = {isa = PBXFileReference; lastKnownFileType = sourcecode.swift; path = WikiLocationsUITests.swift; sourceTree = "<group>"; };
		65F2D8912BE43AC6003DC95E /* WikiLocationsUITestsLaunchTests.swift */ = {isa = PBXFileReference; lastKnownFileType = sourcecode.swift; path = WikiLocationsUITestsLaunchTests.swift; sourceTree = "<group>"; };
		65F2D89F2BE43CEA003DC95E /* LocationPresentable.swift */ = {isa = PBXFileReference; lastKnownFileType = sourcecode.swift; path = LocationPresentable.swift; sourceTree = "<group>"; };
		65F2D8A12BE43D5D003DC95E /* LocationModel.swift */ = {isa = PBXFileReference; lastKnownFileType = sourcecode.swift; path = LocationModel.swift; sourceTree = "<group>"; };
		65F2D8A32BE43DD9003DC95E /* LocationModel+MarkerRepresentable.swift */ = {isa = PBXFileReference; lastKnownFileType = sourcecode.swift; path = "LocationModel+MarkerRepresentable.swift"; sourceTree = "<group>"; };
		65F2D8A62BE4B48C003DC95E /* MarkerModel.swift */ = {isa = PBXFileReference; lastKnownFileType = sourcecode.swift; path = MarkerModel.swift; sourceTree = "<group>"; };
		65F2D8AB2BE51381003DC95E /* MarkerModelTests.swift */ = {isa = PBXFileReference; lastKnownFileType = sourcecode.swift; path = MarkerModelTests.swift; sourceTree = "<group>"; };
		65F2D8B02BE5289D003DC95E /* MarkersProvider.swift */ = {isa = PBXFileReference; lastKnownFileType = sourcecode.swift; path = MarkersProvider.swift; sourceTree = "<group>"; };
		65F2D8B32BE5295C003DC95E /* FetchLocationsProtocol.swift */ = {isa = PBXFileReference; lastKnownFileType = sourcecode.swift; path = FetchLocationsProtocol.swift; sourceTree = "<group>"; };
		65F2D8B52BE529C0003DC95E /* FetchLocationsHandler.swift */ = {isa = PBXFileReference; lastKnownFileType = sourcecode.swift; path = FetchLocationsHandler.swift; sourceTree = "<group>"; };
		65F2D8B82BE52B69003DC95E /* Environment.swift */ = {isa = PBXFileReference; lastKnownFileType = sourcecode.swift; path = Environment.swift; sourceTree = "<group>"; };
		65F2D8BA2BE52BE9003DC95E /* ProductionEnvironment.swift */ = {isa = PBXFileReference; lastKnownFileType = sourcecode.swift; path = ProductionEnvironment.swift; sourceTree = "<group>"; };
		65F2D8BD2BE52CF8003DC95E /* Configurations.swift */ = {isa = PBXFileReference; lastKnownFileType = sourcecode.swift; path = Configurations.swift; sourceTree = "<group>"; };
		65F2D8BF2BE52D4D003DC95E /* NetworkError.swift */ = {isa = PBXFileReference; lastKnownFileType = sourcecode.swift; path = NetworkError.swift; sourceTree = "<group>"; };
		65F2D8C12BE52DF0003DC95E /* NetworkReachability.swift */ = {isa = PBXFileReference; lastKnownFileType = sourcecode.swift; path = NetworkReachability.swift; sourceTree = "<group>"; };
		65F2D8C32BE53025003DC95E /* MapViewModel.swift */ = {isa = PBXFileReference; fileEncoding = 4; lastKnownFileType = sourcecode.swift; path = MapViewModel.swift; sourceTree = "<group>"; };
		65F2D8C52BE531C7003DC95E /* MapMarkersState.swift */ = {isa = PBXFileReference; lastKnownFileType = sourcecode.swift; path = MapMarkersState.swift; sourceTree = "<group>"; };
		65F2D8C82BE5345C003DC95E /* LocationModelResponse.swift */ = {isa = PBXFileReference; lastKnownFileType = sourcecode.swift; path = LocationModelResponse.swift; sourceTree = "<group>"; };
		65F2D8CA2BE53B3A003DC95E /* ErrorRetryView.swift */ = {isa = PBXFileReference; lastKnownFileType = sourcecode.swift; path = ErrorRetryView.swift; sourceTree = "<group>"; };
		65F2D8CC2BE53B67003DC95E /* AppStrings.swift */ = {isa = PBXFileReference; fileEncoding = 4; lastKnownFileType = sourcecode.swift; path = AppStrings.swift; sourceTree = "<group>"; };
		65F2D8CD2BE53B67003DC95E /* DesignSystem.swift */ = {isa = PBXFileReference; fileEncoding = 4; lastKnownFileType = sourcecode.swift; path = DesignSystem.swift; sourceTree = "<group>"; };
		65F2D8D02BE53BDE003DC95E /* NetworkError+errorMessage.swift */ = {isa = PBXFileReference; lastKnownFileType = sourcecode.swift; path = "NetworkError+errorMessage.swift"; sourceTree = "<group>"; };
		65F2D8D22BE53EDF003DC95E /* MapView.swift */ = {isa = PBXFileReference; lastKnownFileType = sourcecode.swift; path = MapView.swift; sourceTree = "<group>"; };
		65F2D8D52BE5522E003DC95E /* Localizable.xcstrings */ = {isa = PBXFileReference; lastKnownFileType = text.json.xcstrings; path = Localizable.xcstrings; sourceTree = "<group>"; };
		65F2D8D72BE55834003DC95E /* MarkerAnnotationView.swift */ = {isa = PBXFileReference; lastKnownFileType = sourcecode.swift; path = MarkerAnnotationView.swift; sourceTree = "<group>"; };
		65F2D8DA2BE59F7C003DC95E /* ExternalLinkProtocol.swift */ = {isa = PBXFileReference; lastKnownFileType = sourcecode.swift; path = ExternalLinkProtocol.swift; sourceTree = "<group>"; };
		65F2D8DC2BE5A062003DC95E /* WikiExternalLink.swift */ = {isa = PBXFileReference; lastKnownFileType = sourcecode.swift; path = WikiExternalLink.swift; sourceTree = "<group>"; };
		65F2D8DE2BE5AB9D003DC95E /* MarkerType.swift */ = {isa = PBXFileReference; lastKnownFileType = sourcecode.swift; path = MarkerType.swift; sourceTree = "<group>"; };
		65F2D8E02BE5ACA4003DC95E /* UserDefinedLocation.swift */ = {isa = PBXFileReference; lastKnownFileType = sourcecode.swift; path = UserDefinedLocation.swift; sourceTree = "<group>"; };
		65F2D8E22BE5B11E003DC95E /* MarkerType+Extension.swift */ = {isa = PBXFileReference; lastKnownFileType = sourcecode.swift; path = "MarkerType+Extension.swift"; sourceTree = "<group>"; };
		65F2D8E42BE5BF8E003DC95E /* MapHeader.swift */ = {isa = PBXFileReference; lastKnownFileType = sourcecode.swift; path = MapHeader.swift; sourceTree = "<group>"; };
		65F2D8E92BE6B56A003DC95E /* MarkerTypeTests.swift */ = {isa = PBXFileReference; lastKnownFileType = sourcecode.swift; path = MarkerTypeTests.swift; sourceTree = "<group>"; };
		65F2D8EC2BE6B63F003DC95E /* MarkersProviderTests.swift */ = {isa = PBXFileReference; lastKnownFileType = sourcecode.swift; path = MarkersProviderTests.swift; sourceTree = "<group>"; };
		65F2D8EF2BE6B701003DC95E /* MockFetchLocations.swift */ = {isa = PBXFileReference; lastKnownFileType = sourcecode.swift; path = MockFetchLocations.swift; sourceTree = "<group>"; };
		65F2D8F22BE6B7A2003DC95E /* locations.json */ = {isa = PBXFileReference; fileEncoding = 4; lastKnownFileType = text.json; path = locations.json; sourceTree = "<group>"; };
		65F2D8F42BE6B81A003DC95E /* MockNetworkResult.swift */ = {isa = PBXFileReference; lastKnownFileType = sourcecode.swift; path = MockNetworkResult.swift; sourceTree = "<group>"; };
		65F2D8F92BE6BD14003DC95E /* WikiExternalLinkTests.swift */ = {isa = PBXFileReference; lastKnownFileType = sourcecode.swift; path = WikiExternalLinkTests.swift; sourceTree = "<group>"; };
/* End PBXFileReference section */

/* Begin PBXFrameworksBuildPhase section */
		65F2D86E2BE43AC5003DC95E /* Frameworks */ = {
			isa = PBXFrameworksBuildPhase;
			buildActionMask = 2147483647;
			files = (
			);
			runOnlyForDeploymentPostprocessing = 0;
		};
		65F2D87E2BE43AC6003DC95E /* Frameworks */ = {
			isa = PBXFrameworksBuildPhase;
			buildActionMask = 2147483647;
			files = (
			);
			runOnlyForDeploymentPostprocessing = 0;
		};
		65F2D8882BE43AC6003DC95E /* Frameworks */ = {
			isa = PBXFrameworksBuildPhase;
			buildActionMask = 2147483647;
			files = (
			);
			runOnlyForDeploymentPostprocessing = 0;
		};
/* End PBXFrameworksBuildPhase section */

/* Begin PBXGroup section */
		65F2D8682BE43AC5003DC95E = {
			isa = PBXGroup;
			children = (
				65F2D8732BE43AC5003DC95E /* WikiLocations */,
				65F2D8842BE43AC6003DC95E /* WikiLocationsTests */,
				65F2D88E2BE43AC6003DC95E /* WikiLocationsUITests */,
				65F2D8722BE43AC5003DC95E /* Products */,
			);
			sourceTree = "<group>";
		};
		65F2D8722BE43AC5003DC95E /* Products */ = {
			isa = PBXGroup;
			children = (
				65F2D8712BE43AC5003DC95E /* WikiLocations.app */,
				65F2D8812BE43AC6003DC95E /* WikiLocationsTests.xctest */,
				65F2D88B2BE43AC6003DC95E /* WikiLocationsUITests.xctest */,
			);
			name = Products;
			sourceTree = "<group>";
		};
		65F2D8732BE43AC5003DC95E /* WikiLocations */ = {
			isa = PBXGroup;
			children = (
				65F2D8742BE43AC5003DC95E /* WikiLocationsApp.swift */,
				65F2D8D42BE55219003DC95E /* Resources */,
				65F2D8D92BE59820003DC95E /* ExternalLinks */,
				65F2D8BC2BE52CEF003DC95E /* Utilities */,
				65F2D8B72BE52B57003DC95E /* Environment */,
				65F2D8B22BE52904003DC95E /* Networking */,
				65F2D8AF2BE5285D003DC95E /* LocationProvider */,
				65F2D8A82BE4B670003DC95E /* ViewModels */,
				65F2D89E2BE43CCA003DC95E /* Models */,
				65F2D8C72BE5332A003DC95E /* Presentation */,
				65F2D8782BE43AC6003DC95E /* Assets.xcassets */,
				65F2D87A2BE43AC6003DC95E /* Preview Content */,
			);
			path = WikiLocations;
			sourceTree = "<group>";
		};
		65F2D87A2BE43AC6003DC95E /* Preview Content */ = {
			isa = PBXGroup;
			children = (
				65F2D87B2BE43AC6003DC95E /* Preview Assets.xcassets */,
			);
			path = "Preview Content";
			sourceTree = "<group>";
		};
		65F2D8842BE43AC6003DC95E /* WikiLocationsTests */ = {
			isa = PBXGroup;
			children = (
				65F2D8F12BE6B76B003DC95E /* JSONS */,
				65F2D8EE2BE6B6A9003DC95E /* Mocks */,
				65F2D8F82BE6BCE7003DC95E /* Presentations */,
				65F2D8F72BE6BCDC003DC95E /* ViewModels */,
				65F2D8F62BE6BCD6003DC95E /* ExternalLinks */,
				65F2D8EB2BE6B628003DC95E /* MarkersProvider */,
				65F2D8E82BE6B350003DC95E /* Models */,
			);
			path = WikiLocationsTests;
			sourceTree = "<group>";
		};
		65F2D88E2BE43AC6003DC95E /* WikiLocationsUITests */ = {
			isa = PBXGroup;
			children = (
				65F2D88F2BE43AC6003DC95E /* WikiLocationsUITests.swift */,
				65F2D8912BE43AC6003DC95E /* WikiLocationsUITestsLaunchTests.swift */,
			);
			path = WikiLocationsUITests;
			sourceTree = "<group>";
		};
		65F2D89E2BE43CCA003DC95E /* Models */ = {
			isa = PBXGroup;
			children = (
				65F2D8A52BE4B477003DC95E /* Marker */,
				65F2D8BF2BE52D4D003DC95E /* NetworkError.swift */,
				65F2D8D02BE53BDE003DC95E /* NetworkError+errorMessage.swift */,
				65F2D8C52BE531C7003DC95E /* MapMarkersState.swift */,
			);
			path = Models;
			sourceTree = "<group>";
		};
		65F2D8A52BE4B477003DC95E /* Marker */ = {
			isa = PBXGroup;
			children = (
				65F2D89F2BE43CEA003DC95E /* LocationPresentable.swift */,
				65F2D8A12BE43D5D003DC95E /* LocationModel.swift */,
				65F2D8C82BE5345C003DC95E /* LocationModelResponse.swift */,
				65F2D8A32BE43DD9003DC95E /* LocationModel+MarkerRepresentable.swift */,
				65F2D8A62BE4B48C003DC95E /* MarkerModel.swift */,
				65F2D8DE2BE5AB9D003DC95E /* MarkerType.swift */,
				65F2D8E02BE5ACA4003DC95E /* UserDefinedLocation.swift */,
				65F2D8E22BE5B11E003DC95E /* MarkerType+Extension.swift */,
			);
			path = Marker;
			sourceTree = "<group>";
		};
		65F2D8A82BE4B670003DC95E /* ViewModels */ = {
			isa = PBXGroup;
			children = (
				65F2D8C32BE53025003DC95E /* MapViewModel.swift */,
			);
			path = ViewModels;
			sourceTree = "<group>";
		};
		65F2D8AF2BE5285D003DC95E /* LocationProvider */ = {
			isa = PBXGroup;
			children = (
				65F2D8B02BE5289D003DC95E /* MarkersProvider.swift */,
			);
			path = LocationProvider;
			sourceTree = "<group>";
		};
		65F2D8B22BE52904003DC95E /* Networking */ = {
			isa = PBXGroup;
			children = (
				65F2D8B32BE5295C003DC95E /* FetchLocationsProtocol.swift */,
				65F2D8B52BE529C0003DC95E /* FetchLocationsHandler.swift */,
			);
			path = Networking;
			sourceTree = "<group>";
		};
		65F2D8B72BE52B57003DC95E /* Environment */ = {
			isa = PBXGroup;
			children = (
				65F2D8B82BE52B69003DC95E /* Environment.swift */,
				65F2D8BA2BE52BE9003DC95E /* ProductionEnvironment.swift */,
			);
			path = Environment;
			sourceTree = "<group>";
		};
		65F2D8BC2BE52CEF003DC95E /* Utilities */ = {
			isa = PBXGroup;
			children = (
				65F2D8CC2BE53B67003DC95E /* AppStrings.swift */,
				65F2D8CD2BE53B67003DC95E /* DesignSystem.swift */,
				65F2D8BD2BE52CF8003DC95E /* Configurations.swift */,
				65F2D8C12BE52DF0003DC95E /* NetworkReachability.swift */,
			);
			path = Utilities;
			sourceTree = "<group>";
		};
		65F2D8C72BE5332A003DC95E /* Presentation */ = {
			isa = PBXGroup;
			children = (
				65F2D8762BE43AC5003DC95E /* LocationsMapView.swift */,
				65F2D8D22BE53EDF003DC95E /* MapView.swift */,
				65F2D8E42BE5BF8E003DC95E /* MapHeader.swift */,
				65F2D8D72BE55834003DC95E /* MarkerAnnotationView.swift */,
				65F2D8CA2BE53B3A003DC95E /* ErrorRetryView.swift */,
			);
			path = Presentation;
			sourceTree = "<group>";
		};
		65F2D8D42BE55219003DC95E /* Resources */ = {
			isa = PBXGroup;
			children = (
				65F2D8D52BE5522E003DC95E /* Localizable.xcstrings */,
			);
			path = Resources;
			sourceTree = "<group>";
		};
		65F2D8D92BE59820003DC95E /* ExternalLinks */ = {
			isa = PBXGroup;
			children = (
				65F2D8DA2BE59F7C003DC95E /* ExternalLinkProtocol.swift */,
				65F2D8DC2BE5A062003DC95E /* WikiExternalLink.swift */,
			);
			path = ExternalLinks;
			sourceTree = "<group>";
		};
		65F2D8E82BE6B350003DC95E /* Models */ = {
			isa = PBXGroup;
			children = (
				65F2D8AB2BE51381003DC95E /* MarkerModelTests.swift */,
				65F2D8E92BE6B56A003DC95E /* MarkerTypeTests.swift */,
			);
			path = Models;
			sourceTree = "<group>";
		};
		65F2D8EB2BE6B628003DC95E /* MarkersProvider */ = {
			isa = PBXGroup;
			children = (
				65F2D8EC2BE6B63F003DC95E /* MarkersProviderTests.swift */,
			);
			path = MarkersProvider;
			sourceTree = "<group>";
		};
		65F2D8EE2BE6B6A9003DC95E /* Mocks */ = {
			isa = PBXGroup;
			children = (
				65F2D8EF2BE6B701003DC95E /* MockFetchLocations.swift */,
				65F2D8F42BE6B81A003DC95E /* MockNetworkResult.swift */,
			);
			path = Mocks;
			sourceTree = "<group>";
		};
		65F2D8F12BE6B76B003DC95E /* JSONS */ = {
			isa = PBXGroup;
			children = (
				65F2D8F22BE6B7A2003DC95E /* locations.json */,
			);
			path = JSONS;
			sourceTree = "<group>";
		};
		65F2D8F62BE6BCD6003DC95E /* ExternalLinks */ = {
			isa = PBXGroup;
			children = (
				65F2D8F92BE6BD14003DC95E /* WikiExternalLinkTests.swift */,
			);
			path = ExternalLinks;
			sourceTree = "<group>";
		};
		65F2D8F72BE6BCDC003DC95E /* ViewModels */ = {
			isa = PBXGroup;
			children = (
			);
			path = ViewModels;
			sourceTree = "<group>";
		};
		65F2D8F82BE6BCE7003DC95E /* Presentations */ = {
			isa = PBXGroup;
			children = (
			);
			path = Presentations;
			sourceTree = "<group>";
		};
/* End PBXGroup section */

/* Begin PBXNativeTarget section */
		65F2D8702BE43AC5003DC95E /* WikiLocations */ = {
			isa = PBXNativeTarget;
			buildConfigurationList = 65F2D8952BE43AC6003DC95E /* Build configuration list for PBXNativeTarget "WikiLocations" */;
			buildPhases = (
				65F2D86D2BE43AC5003DC95E /* Sources */,
				65F2D86E2BE43AC5003DC95E /* Frameworks */,
				65F2D86F2BE43AC5003DC95E /* Resources */,
			);
			buildRules = (
			);
			dependencies = (
			);
			name = WikiLocations;
			productName = WikiLocations;
			productReference = 65F2D8712BE43AC5003DC95E /* WikiLocations.app */;
			productType = "com.apple.product-type.application";
		};
		65F2D8802BE43AC6003DC95E /* WikiLocationsTests */ = {
			isa = PBXNativeTarget;
			buildConfigurationList = 65F2D8982BE43AC6003DC95E /* Build configuration list for PBXNativeTarget "WikiLocationsTests" */;
			buildPhases = (
				65F2D87D2BE43AC6003DC95E /* Sources */,
				65F2D87E2BE43AC6003DC95E /* Frameworks */,
				65F2D87F2BE43AC6003DC95E /* Resources */,
			);
			buildRules = (
			);
			dependencies = (
				65F2D8832BE43AC6003DC95E /* PBXTargetDependency */,
			);
			name = WikiLocationsTests;
			productName = WikiLocationsTests;
			productReference = 65F2D8812BE43AC6003DC95E /* WikiLocationsTests.xctest */;
			productType = "com.apple.product-type.bundle.unit-test";
		};
		65F2D88A2BE43AC6003DC95E /* WikiLocationsUITests */ = {
			isa = PBXNativeTarget;
			buildConfigurationList = 65F2D89B2BE43AC6003DC95E /* Build configuration list for PBXNativeTarget "WikiLocationsUITests" */;
			buildPhases = (
				65F2D8872BE43AC6003DC95E /* Sources */,
				65F2D8882BE43AC6003DC95E /* Frameworks */,
				65F2D8892BE43AC6003DC95E /* Resources */,
			);
			buildRules = (
			);
			dependencies = (
				65F2D88D2BE43AC6003DC95E /* PBXTargetDependency */,
			);
			name = WikiLocationsUITests;
			productName = WikiLocationsUITests;
			productReference = 65F2D88B2BE43AC6003DC95E /* WikiLocationsUITests.xctest */;
			productType = "com.apple.product-type.bundle.ui-testing";
		};
/* End PBXNativeTarget section */

/* Begin PBXProject section */
		65F2D8692BE43AC5003DC95E /* Project object */ = {
			isa = PBXProject;
			attributes = {
				BuildIndependentTargetsInParallel = 1;
				LastSwiftUpdateCheck = 1500;
				LastUpgradeCheck = 1500;
				TargetAttributes = {
					65F2D8702BE43AC5003DC95E = {
						CreatedOnToolsVersion = 15.0.1;
					};
					65F2D8802BE43AC6003DC95E = {
						CreatedOnToolsVersion = 15.0.1;
						TestTargetID = 65F2D8702BE43AC5003DC95E;
					};
					65F2D88A2BE43AC6003DC95E = {
						CreatedOnToolsVersion = 15.0.1;
						TestTargetID = 65F2D8702BE43AC5003DC95E;
					};
				};
			};
			buildConfigurationList = 65F2D86C2BE43AC5003DC95E /* Build configuration list for PBXProject "WikiLocations" */;
			compatibilityVersion = "Xcode 14.0";
			developmentRegion = en;
			hasScannedForEncodings = 0;
			knownRegions = (
				en,
				Base,
			);
			mainGroup = 65F2D8682BE43AC5003DC95E;
			productRefGroup = 65F2D8722BE43AC5003DC95E /* Products */;
			projectDirPath = "";
			projectRoot = "";
			targets = (
				65F2D8702BE43AC5003DC95E /* WikiLocations */,
				65F2D8802BE43AC6003DC95E /* WikiLocationsTests */,
				65F2D88A2BE43AC6003DC95E /* WikiLocationsUITests */,
			);
		};
/* End PBXProject section */

/* Begin PBXResourcesBuildPhase section */
		65F2D86F2BE43AC5003DC95E /* Resources */ = {
			isa = PBXResourcesBuildPhase;
			buildActionMask = 2147483647;
			files = (
				65F2D87C2BE43AC6003DC95E /* Preview Assets.xcassets in Resources */,
				65F2D8792BE43AC6003DC95E /* Assets.xcassets in Resources */,
				65F2D8D62BE5522E003DC95E /* Localizable.xcstrings in Resources */,
			);
			runOnlyForDeploymentPostprocessing = 0;
		};
		65F2D87F2BE43AC6003DC95E /* Resources */ = {
			isa = PBXResourcesBuildPhase;
			buildActionMask = 2147483647;
			files = (
				65F2D8F32BE6B7A2003DC95E /* locations.json in Resources */,
			);
			runOnlyForDeploymentPostprocessing = 0;
		};
		65F2D8892BE43AC6003DC95E /* Resources */ = {
			isa = PBXResourcesBuildPhase;
			buildActionMask = 2147483647;
			files = (
			);
			runOnlyForDeploymentPostprocessing = 0;
		};
/* End PBXResourcesBuildPhase section */

/* Begin PBXSourcesBuildPhase section */
		65F2D86D2BE43AC5003DC95E /* Sources */ = {
			isa = PBXSourcesBuildPhase;
			buildActionMask = 2147483647;
			files = (
				65F2D8DB2BE59F7C003DC95E /* ExternalLinkProtocol.swift in Sources */,
				65F2D8A22BE43D5D003DC95E /* LocationModel.swift in Sources */,
				65F2D8D12BE53BDE003DC95E /* NetworkError+errorMessage.swift in Sources */,
				65F2D8BB2BE52BE9003DC95E /* ProductionEnvironment.swift in Sources */,
				65F2D8DD2BE5A062003DC95E /* WikiExternalLink.swift in Sources */,
				65F2D8D32BE53EDF003DC95E /* MapView.swift in Sources */,
				65F2D8BE2BE52CF8003DC95E /* Configurations.swift in Sources */,
				65F2D8A72BE4B48C003DC95E /* MarkerModel.swift in Sources */,
				65F2D8CB2BE53B3A003DC95E /* ErrorRetryView.swift in Sources */,
				65F2D8C42BE53025003DC95E /* MapViewModel.swift in Sources */,
				65F2D8E12BE5ACA4003DC95E /* UserDefinedLocation.swift in Sources */,
				65F2D8772BE43AC5003DC95E /* LocationsMapView.swift in Sources */,
				65F2D8752BE43AC5003DC95E /* WikiLocationsApp.swift in Sources */,
				65F2D8B12BE5289D003DC95E /* MarkersProvider.swift in Sources */,
				65F2D8C92BE5345C003DC95E /* LocationModelResponse.swift in Sources */,
				65F2D8C62BE531C7003DC95E /* MapMarkersState.swift in Sources */,
				65F2D8CE2BE53B67003DC95E /* AppStrings.swift in Sources */,
				65F2D8B62BE529C0003DC95E /* FetchLocationsHandler.swift in Sources */,
				65F2D8D82BE55834003DC95E /* MarkerAnnotationView.swift in Sources */,
				65F2D8A02BE43CEA003DC95E /* LocationPresentable.swift in Sources */,
				65F2D8C22BE52DF0003DC95E /* NetworkReachability.swift in Sources */,
				65F2D8E52BE5BF8E003DC95E /* MapHeader.swift in Sources */,
				65F2D8E32BE5B11E003DC95E /* MarkerType+Extension.swift in Sources */,
				65F2D8A42BE43DDA003DC95E /* LocationModel+MarkerRepresentable.swift in Sources */,
				65F2D8CF2BE53B67003DC95E /* DesignSystem.swift in Sources */,
				65F2D8C02BE52D4D003DC95E /* NetworkError.swift in Sources */,
				65F2D8B42BE5295C003DC95E /* FetchLocationsProtocol.swift in Sources */,
				65F2D8B92BE52B69003DC95E /* Environment.swift in Sources */,
				65F2D8DF2BE5AB9D003DC95E /* MarkerType.swift in Sources */,
			);
			runOnlyForDeploymentPostprocessing = 0;
		};
		65F2D87D2BE43AC6003DC95E /* Sources */ = {
			isa = PBXSourcesBuildPhase;
			buildActionMask = 2147483647;
			files = (
				65F2D8FA2BE6BD14003DC95E /* WikiExternalLinkTests.swift in Sources */,
				65F2D8ED2BE6B63F003DC95E /* MarkersProviderTests.swift in Sources */,
				65F2D8AC2BE51381003DC95E /* MarkerModelTests.swift in Sources */,
				65F2D8F52BE6B81A003DC95E /* MockNetworkResult.swift in Sources */,
				65F2D8EA2BE6B56A003DC95E /* MarkerTypeTests.swift in Sources */,
				65F2D8F02BE6B701003DC95E /* MockFetchLocations.swift in Sources */,
			);
			runOnlyForDeploymentPostprocessing = 0;
		};
		65F2D8872BE43AC6003DC95E /* Sources */ = {
			isa = PBXSourcesBuildPhase;
			buildActionMask = 2147483647;
			files = (
				65F2D8902BE43AC6003DC95E /* WikiLocationsUITests.swift in Sources */,
				65F2D8922BE43AC6003DC95E /* WikiLocationsUITestsLaunchTests.swift in Sources */,
			);
			runOnlyForDeploymentPostprocessing = 0;
		};
/* End PBXSourcesBuildPhase section */

/* Begin PBXTargetDependency section */
		65F2D8832BE43AC6003DC95E /* PBXTargetDependency */ = {
			isa = PBXTargetDependency;
			target = 65F2D8702BE43AC5003DC95E /* WikiLocations */;
			targetProxy = 65F2D8822BE43AC6003DC95E /* PBXContainerItemProxy */;
		};
		65F2D88D2BE43AC6003DC95E /* PBXTargetDependency */ = {
			isa = PBXTargetDependency;
			target = 65F2D8702BE43AC5003DC95E /* WikiLocations */;
			targetProxy = 65F2D88C2BE43AC6003DC95E /* PBXContainerItemProxy */;
		};
/* End PBXTargetDependency section */

/* Begin XCBuildConfiguration section */
		65F2D8932BE43AC6003DC95E /* Debug */ = {
			isa = XCBuildConfiguration;
			buildSettings = {
				ALWAYS_SEARCH_USER_PATHS = NO;
				ASSETCATALOG_COMPILER_GENERATE_SWIFT_ASSET_SYMBOL_EXTENSIONS = YES;
				CLANG_ANALYZER_NONNULL = YES;
				CLANG_ANALYZER_NUMBER_OBJECT_CONVERSION = YES_AGGRESSIVE;
				CLANG_CXX_LANGUAGE_STANDARD = "gnu++20";
				CLANG_ENABLE_MODULES = YES;
				CLANG_ENABLE_OBJC_ARC = YES;
				CLANG_ENABLE_OBJC_WEAK = YES;
				CLANG_WARN_BLOCK_CAPTURE_AUTORELEASING = YES;
				CLANG_WARN_BOOL_CONVERSION = YES;
				CLANG_WARN_COMMA = YES;
				CLANG_WARN_CONSTANT_CONVERSION = YES;
				CLANG_WARN_DEPRECATED_OBJC_IMPLEMENTATIONS = YES;
				CLANG_WARN_DIRECT_OBJC_ISA_USAGE = YES_ERROR;
				CLANG_WARN_DOCUMENTATION_COMMENTS = YES;
				CLANG_WARN_EMPTY_BODY = YES;
				CLANG_WARN_ENUM_CONVERSION = YES;
				CLANG_WARN_INFINITE_RECURSION = YES;
				CLANG_WARN_INT_CONVERSION = YES;
				CLANG_WARN_NON_LITERAL_NULL_CONVERSION = YES;
				CLANG_WARN_OBJC_IMPLICIT_RETAIN_SELF = YES;
				CLANG_WARN_OBJC_LITERAL_CONVERSION = YES;
				CLANG_WARN_OBJC_ROOT_CLASS = YES_ERROR;
				CLANG_WARN_QUOTED_INCLUDE_IN_FRAMEWORK_HEADER = YES;
				CLANG_WARN_RANGE_LOOP_ANALYSIS = YES;
				CLANG_WARN_STRICT_PROTOTYPES = YES;
				CLANG_WARN_SUSPICIOUS_MOVE = YES;
				CLANG_WARN_UNGUARDED_AVAILABILITY = YES_AGGRESSIVE;
				CLANG_WARN_UNREACHABLE_CODE = YES;
				CLANG_WARN__DUPLICATE_METHOD_MATCH = YES;
				COPY_PHASE_STRIP = NO;
				DEBUG_INFORMATION_FORMAT = dwarf;
				ENABLE_STRICT_OBJC_MSGSEND = YES;
				ENABLE_TESTABILITY = YES;
				ENABLE_USER_SCRIPT_SANDBOXING = YES;
				GCC_C_LANGUAGE_STANDARD = gnu17;
				GCC_DYNAMIC_NO_PIC = NO;
				GCC_NO_COMMON_BLOCKS = YES;
				GCC_OPTIMIZATION_LEVEL = 0;
				GCC_PREPROCESSOR_DEFINITIONS = (
					"DEBUG=1",
					"$(inherited)",
				);
				GCC_WARN_64_TO_32_BIT_CONVERSION = YES;
				GCC_WARN_ABOUT_RETURN_TYPE = YES_ERROR;
				GCC_WARN_UNDECLARED_SELECTOR = YES;
				GCC_WARN_UNINITIALIZED_AUTOS = YES_AGGRESSIVE;
				GCC_WARN_UNUSED_FUNCTION = YES;
				GCC_WARN_UNUSED_VARIABLE = YES;
				IPHONEOS_DEPLOYMENT_TARGET = 17.0;
				LOCALIZATION_PREFERS_STRING_CATALOGS = YES;
				MTL_ENABLE_DEBUG_INFO = INCLUDE_SOURCE;
				MTL_FAST_MATH = YES;
				ONLY_ACTIVE_ARCH = YES;
				SDKROOT = iphoneos;
				SWIFT_ACTIVE_COMPILATION_CONDITIONS = "DEBUG $(inherited)";
				SWIFT_OPTIMIZATION_LEVEL = "-Onone";
			};
			name = Debug;
		};
		65F2D8942BE43AC6003DC95E /* Release */ = {
			isa = XCBuildConfiguration;
			buildSettings = {
				ALWAYS_SEARCH_USER_PATHS = NO;
				ASSETCATALOG_COMPILER_GENERATE_SWIFT_ASSET_SYMBOL_EXTENSIONS = YES;
				CLANG_ANALYZER_NONNULL = YES;
				CLANG_ANALYZER_NUMBER_OBJECT_CONVERSION = YES_AGGRESSIVE;
				CLANG_CXX_LANGUAGE_STANDARD = "gnu++20";
				CLANG_ENABLE_MODULES = YES;
				CLANG_ENABLE_OBJC_ARC = YES;
				CLANG_ENABLE_OBJC_WEAK = YES;
				CLANG_WARN_BLOCK_CAPTURE_AUTORELEASING = YES;
				CLANG_WARN_BOOL_CONVERSION = YES;
				CLANG_WARN_COMMA = YES;
				CLANG_WARN_CONSTANT_CONVERSION = YES;
				CLANG_WARN_DEPRECATED_OBJC_IMPLEMENTATIONS = YES;
				CLANG_WARN_DIRECT_OBJC_ISA_USAGE = YES_ERROR;
				CLANG_WARN_DOCUMENTATION_COMMENTS = YES;
				CLANG_WARN_EMPTY_BODY = YES;
				CLANG_WARN_ENUM_CONVERSION = YES;
				CLANG_WARN_INFINITE_RECURSION = YES;
				CLANG_WARN_INT_CONVERSION = YES;
				CLANG_WARN_NON_LITERAL_NULL_CONVERSION = YES;
				CLANG_WARN_OBJC_IMPLICIT_RETAIN_SELF = YES;
				CLANG_WARN_OBJC_LITERAL_CONVERSION = YES;
				CLANG_WARN_OBJC_ROOT_CLASS = YES_ERROR;
				CLANG_WARN_QUOTED_INCLUDE_IN_FRAMEWORK_HEADER = YES;
				CLANG_WARN_RANGE_LOOP_ANALYSIS = YES;
				CLANG_WARN_STRICT_PROTOTYPES = YES;
				CLANG_WARN_SUSPICIOUS_MOVE = YES;
				CLANG_WARN_UNGUARDED_AVAILABILITY = YES_AGGRESSIVE;
				CLANG_WARN_UNREACHABLE_CODE = YES;
				CLANG_WARN__DUPLICATE_METHOD_MATCH = YES;
				COPY_PHASE_STRIP = NO;
				DEBUG_INFORMATION_FORMAT = "dwarf-with-dsym";
				ENABLE_NS_ASSERTIONS = NO;
				ENABLE_STRICT_OBJC_MSGSEND = YES;
				ENABLE_USER_SCRIPT_SANDBOXING = YES;
				GCC_C_LANGUAGE_STANDARD = gnu17;
				GCC_NO_COMMON_BLOCKS = YES;
				GCC_WARN_64_TO_32_BIT_CONVERSION = YES;
				GCC_WARN_ABOUT_RETURN_TYPE = YES_ERROR;
				GCC_WARN_UNDECLARED_SELECTOR = YES;
				GCC_WARN_UNINITIALIZED_AUTOS = YES_AGGRESSIVE;
				GCC_WARN_UNUSED_FUNCTION = YES;
				GCC_WARN_UNUSED_VARIABLE = YES;
				IPHONEOS_DEPLOYMENT_TARGET = 17.0;
				LOCALIZATION_PREFERS_STRING_CATALOGS = YES;
				MTL_ENABLE_DEBUG_INFO = NO;
				MTL_FAST_MATH = YES;
				SDKROOT = iphoneos;
				SWIFT_COMPILATION_MODE = wholemodule;
				VALIDATE_PRODUCT = YES;
			};
			name = Release;
		};
		65F2D8962BE43AC6003DC95E /* Debug */ = {
			isa = XCBuildConfiguration;
			buildSettings = {
				ASSETCATALOG_COMPILER_APPICON_NAME = AppIcon;
				ASSETCATALOG_COMPILER_GLOBAL_ACCENT_COLOR_NAME = AccentColor;
				CODE_SIGN_STYLE = Automatic;
				CURRENT_PROJECT_VERSION = 1;
				DEVELOPMENT_ASSET_PATHS = "\"WikiLocations/Preview Content\"";
				ENABLE_PREVIEWS = YES;
				GENERATE_INFOPLIST_FILE = YES;
				INFOPLIST_KEY_UIApplicationSceneManifest_Generation = YES;
				INFOPLIST_KEY_UIApplicationSupportsIndirectInputEvents = YES;
				INFOPLIST_KEY_UILaunchScreen_Generation = YES;
				INFOPLIST_KEY_UISupportedInterfaceOrientations_iPad = "UIInterfaceOrientationPortrait UIInterfaceOrientationPortraitUpsideDown UIInterfaceOrientationLandscapeLeft UIInterfaceOrientationLandscapeRight";
				INFOPLIST_KEY_UISupportedInterfaceOrientations_iPhone = "UIInterfaceOrientationPortrait UIInterfaceOrientationLandscapeLeft UIInterfaceOrientationLandscapeRight";
				LD_RUNPATH_SEARCH_PATHS = (
					"$(inherited)",
					"@executable_path/Frameworks",
				);
				MARKETING_VERSION = 1.0;
				PRODUCT_BUNDLE_IDENTIFIER = com.mo.WikiLocations;
				PRODUCT_NAME = "$(TARGET_NAME)";
				SWIFT_EMIT_LOC_STRINGS = YES;
				SWIFT_VERSION = 5.0;
				TARGETED_DEVICE_FAMILY = "1,2";
			};
			name = Debug;
		};
		65F2D8972BE43AC6003DC95E /* Release */ = {
			isa = XCBuildConfiguration;
			buildSettings = {
				ASSETCATALOG_COMPILER_APPICON_NAME = AppIcon;
				ASSETCATALOG_COMPILER_GLOBAL_ACCENT_COLOR_NAME = AccentColor;
				CODE_SIGN_STYLE = Automatic;
				CURRENT_PROJECT_VERSION = 1;
				DEVELOPMENT_ASSET_PATHS = "\"WikiLocations/Preview Content\"";
				ENABLE_PREVIEWS = YES;
				GENERATE_INFOPLIST_FILE = YES;
				INFOPLIST_KEY_UIApplicationSceneManifest_Generation = YES;
				INFOPLIST_KEY_UIApplicationSupportsIndirectInputEvents = YES;
				INFOPLIST_KEY_UILaunchScreen_Generation = YES;
				INFOPLIST_KEY_UISupportedInterfaceOrientations_iPad = "UIInterfaceOrientationPortrait UIInterfaceOrientationPortraitUpsideDown UIInterfaceOrientationLandscapeLeft UIInterfaceOrientationLandscapeRight";
				INFOPLIST_KEY_UISupportedInterfaceOrientations_iPhone = "UIInterfaceOrientationPortrait UIInterfaceOrientationLandscapeLeft UIInterfaceOrientationLandscapeRight";
				LD_RUNPATH_SEARCH_PATHS = (
					"$(inherited)",
					"@executable_path/Frameworks",
				);
				MARKETING_VERSION = 1.0;
				PRODUCT_BUNDLE_IDENTIFIER = com.mo.WikiLocations;
				PRODUCT_NAME = "$(TARGET_NAME)";
				SWIFT_EMIT_LOC_STRINGS = YES;
				SWIFT_VERSION = 5.0;
				TARGETED_DEVICE_FAMILY = "1,2";
			};
			name = Release;
		};
		65F2D8992BE43AC6003DC95E /* Debug */ = {
			isa = XCBuildConfiguration;
			buildSettings = {
				ALWAYS_EMBED_SWIFT_STANDARD_LIBRARIES = YES;
				BUNDLE_LOADER = "$(TEST_HOST)";
				CODE_SIGN_STYLE = Automatic;
				CURRENT_PROJECT_VERSION = 1;
				GENERATE_INFOPLIST_FILE = YES;
				IPHONEOS_DEPLOYMENT_TARGET = 17.0;
				MARKETING_VERSION = 1.0;
				PRODUCT_BUNDLE_IDENTIFIER = com.mo.WikiLocationsTests;
				PRODUCT_NAME = "$(TARGET_NAME)";
				SWIFT_EMIT_LOC_STRINGS = NO;
				SWIFT_VERSION = 5.0;
				TARGETED_DEVICE_FAMILY = "1,2";
				TEST_HOST = "$(BUILT_PRODUCTS_DIR)/WikiLocations.app/$(BUNDLE_EXECUTABLE_FOLDER_PATH)/WikiLocations";
			};
			name = Debug;
		};
		65F2D89A2BE43AC6003DC95E /* Release */ = {
			isa = XCBuildConfiguration;
			buildSettings = {
				ALWAYS_EMBED_SWIFT_STANDARD_LIBRARIES = YES;
				BUNDLE_LOADER = "$(TEST_HOST)";
				CODE_SIGN_STYLE = Automatic;
				CURRENT_PROJECT_VERSION = 1;
				GENERATE_INFOPLIST_FILE = YES;
				IPHONEOS_DEPLOYMENT_TARGET = 17.0;
				MARKETING_VERSION = 1.0;
				PRODUCT_BUNDLE_IDENTIFIER = com.mo.WikiLocationsTests;
				PRODUCT_NAME = "$(TARGET_NAME)";
				SWIFT_EMIT_LOC_STRINGS = NO;
				SWIFT_VERSION = 5.0;
				TARGETED_DEVICE_FAMILY = "1,2";
				TEST_HOST = "$(BUILT_PRODUCTS_DIR)/WikiLocations.app/$(BUNDLE_EXECUTABLE_FOLDER_PATH)/WikiLocations";
			};
			name = Release;
		};
		65F2D89C2BE43AC6003DC95E /* Debug */ = {
			isa = XCBuildConfiguration;
			buildSettings = {
				ALWAYS_EMBED_SWIFT_STANDARD_LIBRARIES = YES;
				CODE_SIGN_STYLE = Automatic;
				CURRENT_PROJECT_VERSION = 1;
				GENERATE_INFOPLIST_FILE = YES;
				MARKETING_VERSION = 1.0;
				PRODUCT_BUNDLE_IDENTIFIER = com.mo.WikiLocationsUITests;
				PRODUCT_NAME = "$(TARGET_NAME)";
				SWIFT_EMIT_LOC_STRINGS = NO;
				SWIFT_VERSION = 5.0;
				TARGETED_DEVICE_FAMILY = "1,2";
				TEST_TARGET_NAME = WikiLocations;
			};
			name = Debug;
		};
		65F2D89D2BE43AC6003DC95E /* Release */ = {
			isa = XCBuildConfiguration;
			buildSettings = {
				ALWAYS_EMBED_SWIFT_STANDARD_LIBRARIES = YES;
				CODE_SIGN_STYLE = Automatic;
				CURRENT_PROJECT_VERSION = 1;
				GENERATE_INFOPLIST_FILE = YES;
				MARKETING_VERSION = 1.0;
				PRODUCT_BUNDLE_IDENTIFIER = com.mo.WikiLocationsUITests;
				PRODUCT_NAME = "$(TARGET_NAME)";
				SWIFT_EMIT_LOC_STRINGS = NO;
				SWIFT_VERSION = 5.0;
				TARGETED_DEVICE_FAMILY = "1,2";
				TEST_TARGET_NAME = WikiLocations;
			};
			name = Release;
		};
/* End XCBuildConfiguration section */

/* Begin XCConfigurationList section */
		65F2D86C2BE43AC5003DC95E /* Build configuration list for PBXProject "WikiLocations" */ = {
			isa = XCConfigurationList;
			buildConfigurations = (
				65F2D8932BE43AC6003DC95E /* Debug */,
				65F2D8942BE43AC6003DC95E /* Release */,
			);
			defaultConfigurationIsVisible = 0;
			defaultConfigurationName = Release;
		};
		65F2D8952BE43AC6003DC95E /* Build configuration list for PBXNativeTarget "WikiLocations" */ = {
			isa = XCConfigurationList;
			buildConfigurations = (
				65F2D8962BE43AC6003DC95E /* Debug */,
				65F2D8972BE43AC6003DC95E /* Release */,
			);
			defaultConfigurationIsVisible = 0;
			defaultConfigurationName = Release;
		};
		65F2D8982BE43AC6003DC95E /* Build configuration list for PBXNativeTarget "WikiLocationsTests" */ = {
			isa = XCConfigurationList;
			buildConfigurations = (
				65F2D8992BE43AC6003DC95E /* Debug */,
				65F2D89A2BE43AC6003DC95E /* Release */,
			);
			defaultConfigurationIsVisible = 0;
			defaultConfigurationName = Release;
		};
		65F2D89B2BE43AC6003DC95E /* Build configuration list for PBXNativeTarget "WikiLocationsUITests" */ = {
			isa = XCConfigurationList;
			buildConfigurations = (
				65F2D89C2BE43AC6003DC95E /* Debug */,
				65F2D89D2BE43AC6003DC95E /* Release */,
			);
			defaultConfigurationIsVisible = 0;
			defaultConfigurationName = Release;
		};
/* End XCConfigurationList section */
	};
	rootObject = 65F2D8692BE43AC5003DC95E /* Project object */;
}
